// !$*UTF8*$!
{
	archiveVersion = 1;
	classes = {
	};
	objectVersion = 55;
	objects = {

/* Begin PBXBuildFile section */
		C4B62F9A283C62E0007359DA /* AppDelegate.swift in Sources */ = {isa = PBXBuildFile; fileRef = C4B62F99283C62E0007359DA /* AppDelegate.swift */; };
		C4B62F9C283C62E0007359DA /* SceneDelegate.swift in Sources */ = {isa = PBXBuildFile; fileRef = C4B62F9B283C62E0007359DA /* SceneDelegate.swift */; };
		C4B62F9E283C62E0007359DA /* ViewController.swift in Sources */ = {isa = PBXBuildFile; fileRef = C4B62F9D283C62E0007359DA /* ViewController.swift */; };
		C4B62FA1283C62E0007359DA /* Main.storyboard in Resources */ = {isa = PBXBuildFile; fileRef = C4B62F9F283C62E0007359DA /* Main.storyboard */; };
		C4B62FA3283C62E3007359DA /* Assets.xcassets in Resources */ = {isa = PBXBuildFile; fileRef = C4B62FA2283C62E3007359DA /* Assets.xcassets */; };
		C4B62FA6283C62E3007359DA /* LaunchScreen.storyboard in Resources */ = {isa = PBXBuildFile; fileRef = C4B62FA4283C62E3007359DA /* LaunchScreen.storyboard */; };
		C4B62FB1283C62E3007359DA /* BreakingBadTests.swift in Sources */ = {isa = PBXBuildFile; fileRef = C4B62FB0283C62E3007359DA /* BreakingBadTests.swift */; };
		C4B62FBB283C62E3007359DA /* BreakingBadUITests.swift in Sources */ = {isa = PBXBuildFile; fileRef = C4B62FBA283C62E3007359DA /* BreakingBadUITests.swift */; };
		C4B62FBD283C62E3007359DA /* BreakingBadUITestsLaunchTests.swift in Sources */ = {isa = PBXBuildFile; fileRef = C4B62FBC283C62E3007359DA /* BreakingBadUITestsLaunchTests.swift */; };
		C4B62FD2283D22E9007359DA /* CharacterTableViewCell.swift in Sources */ = {isa = PBXBuildFile; fileRef = C4B62FD0283D22E9007359DA /* CharacterTableViewCell.swift */; };
		C4B62FD3283D22E9007359DA /* CharacterTableViewCell.xib in Resources */ = {isa = PBXBuildFile; fileRef = C4B62FD1283D22E9007359DA /* CharacterTableViewCell.xib */; };
		C4BE19D9283D2797009840C8 /* CharacterTableVC.swift in Sources */ = {isa = PBXBuildFile; fileRef = C4BE19D8283D2797009840C8 /* CharacterTableVC.swift */; };
		C4BE19DD283D2C32009840C8 /* CharacterModel.swift in Sources */ = {isa = PBXBuildFile; fileRef = C4BE19DC283D2C32009840C8 /* CharacterModel.swift */; };
		C4BE19DF283D3A76009840C8 /* NetworkManager.swift in Sources */ = {isa = PBXBuildFile; fileRef = C4BE19DE283D3A76009840C8 /* NetworkManager.swift */; };
/* End PBXBuildFile section */

/* Begin PBXContainerItemProxy section */
		C4B62FAD283C62E3007359DA /* PBXContainerItemProxy */ = {
			isa = PBXContainerItemProxy;
			containerPortal = C4B62F8E283C62E0007359DA /* Project object */;
			proxyType = 1;
			remoteGlobalIDString = C4B62F95283C62E0007359DA;
			remoteInfo = BreakingBad;
		};
		C4B62FB7283C62E3007359DA /* PBXContainerItemProxy */ = {
			isa = PBXContainerItemProxy;
			containerPortal = C4B62F8E283C62E0007359DA /* Project object */;
			proxyType = 1;
			remoteGlobalIDString = C4B62F95283C62E0007359DA;
			remoteInfo = BreakingBad;
		};
/* End PBXContainerItemProxy section */

/* Begin PBXFileReference section */
		C4B62F96283C62E0007359DA /* BreakingBad.app */ = {isa = PBXFileReference; explicitFileType = wrapper.application; includeInIndex = 0; path = BreakingBad.app; sourceTree = BUILT_PRODUCTS_DIR; };
		C4B62F99283C62E0007359DA /* AppDelegate.swift */ = {isa = PBXFileReference; lastKnownFileType = sourcecode.swift; path = AppDelegate.swift; sourceTree = "<group>"; };
		C4B62F9B283C62E0007359DA /* SceneDelegate.swift */ = {isa = PBXFileReference; lastKnownFileType = sourcecode.swift; path = SceneDelegate.swift; sourceTree = "<group>"; };
		C4B62F9D283C62E0007359DA /* ViewController.swift */ = {isa = PBXFileReference; lastKnownFileType = sourcecode.swift; path = ViewController.swift; sourceTree = "<group>"; };
		C4B62FA0283C62E0007359DA /* Base */ = {isa = PBXFileReference; lastKnownFileType = file.storyboard; name = Base; path = Base.lproj/Main.storyboard; sourceTree = "<group>"; };
		C4B62FA2283C62E3007359DA /* Assets.xcassets */ = {isa = PBXFileReference; lastKnownFileType = folder.assetcatalog; path = Assets.xcassets; sourceTree = "<group>"; };
		C4B62FA5283C62E3007359DA /* Base */ = {isa = PBXFileReference; lastKnownFileType = file.storyboard; name = Base; path = Base.lproj/LaunchScreen.storyboard; sourceTree = "<group>"; };
		C4B62FA7283C62E3007359DA /* Info.plist */ = {isa = PBXFileReference; lastKnownFileType = text.plist.xml; path = Info.plist; sourceTree = "<group>"; };
		C4B62FAC283C62E3007359DA /* BreakingBadTests.xctest */ = {isa = PBXFileReference; explicitFileType = wrapper.cfbundle; includeInIndex = 0; path = BreakingBadTests.xctest; sourceTree = BUILT_PRODUCTS_DIR; };
		C4B62FB0283C62E3007359DA /* BreakingBadTests.swift */ = {isa = PBXFileReference; lastKnownFileType = sourcecode.swift; path = BreakingBadTests.swift; sourceTree = "<group>"; };
		C4B62FB6283C62E3007359DA /* BreakingBadUITests.xctest */ = {isa = PBXFileReference; explicitFileType = wrapper.cfbundle; includeInIndex = 0; path = BreakingBadUITests.xctest; sourceTree = BUILT_PRODUCTS_DIR; };
		C4B62FBA283C62E3007359DA /* BreakingBadUITests.swift */ = {isa = PBXFileReference; lastKnownFileType = sourcecode.swift; path = BreakingBadUITests.swift; sourceTree = "<group>"; };
		C4B62FBC283C62E3007359DA /* BreakingBadUITestsLaunchTests.swift */ = {isa = PBXFileReference; lastKnownFileType = sourcecode.swift; path = BreakingBadUITestsLaunchTests.swift; sourceTree = "<group>"; };
		C4B62FD0283D22E9007359DA /* CharacterTableViewCell.swift */ = {isa = PBXFileReference; lastKnownFileType = sourcecode.swift; path = CharacterTableViewCell.swift; sourceTree = "<group>"; };
		C4B62FD1283D22E9007359DA /* CharacterTableViewCell.xib */ = {isa = PBXFileReference; lastKnownFileType = file.xib; path = CharacterTableViewCell.xib; sourceTree = "<group>"; };
		C4BE19D8283D2797009840C8 /* CharacterTableVC.swift */ = {isa = PBXFileReference; lastKnownFileType = sourcecode.swift; path = CharacterTableVC.swift; sourceTree = "<group>"; };
		C4BE19DC283D2C32009840C8 /* CharacterModel.swift */ = {isa = PBXFileReference; lastKnownFileType = sourcecode.swift; path = CharacterModel.swift; sourceTree = "<group>"; };
		C4BE19DE283D3A76009840C8 /* NetworkManager.swift */ = {isa = PBXFileReference; lastKnownFileType = sourcecode.swift; path = NetworkManager.swift; sourceTree = "<group>"; };
/* End PBXFileReference section */

/* Begin PBXFrameworksBuildPhase section */
		C4B62F93283C62E0007359DA /* Frameworks */ = {
			isa = PBXFrameworksBuildPhase;
			buildActionMask = 2147483647;
			files = (
			);
			runOnlyForDeploymentPostprocessing = 0;
		};
		C4B62FA9283C62E3007359DA /* Frameworks */ = {
			isa = PBXFrameworksBuildPhase;
			buildActionMask = 2147483647;
			files = (
			);
			runOnlyForDeploymentPostprocessing = 0;
		};
		C4B62FB3283C62E3007359DA /* Frameworks */ = {
			isa = PBXFrameworksBuildPhase;
			buildActionMask = 2147483647;
			files = (
			);
			runOnlyForDeploymentPostprocessing = 0;
		};
/* End PBXFrameworksBuildPhase section */

/* Begin PBXGroup section */
		C4B62F8D283C62E0007359DA = {
			isa = PBXGroup;
			children = (
				C4B62F98283C62E0007359DA /* BreakingBad */,
				C4B62FAF283C62E3007359DA /* BreakingBadTests */,
				C4B62FB9283C62E3007359DA /* BreakingBadUITests */,
				C4B62F97283C62E0007359DA /* Products */,
			);
			sourceTree = "<group>";
		};
		C4B62F97283C62E0007359DA /* Products */ = {
			isa = PBXGroup;
			children = (
				C4B62F96283C62E0007359DA /* BreakingBad.app */,
				C4B62FAC283C62E3007359DA /* BreakingBadTests.xctest */,
				C4B62FB6283C62E3007359DA /* BreakingBadUITests.xctest */,
			);
			name = Products;
			sourceTree = "<group>";
		};
		C4B62F98283C62E0007359DA /* BreakingBad */ = {
			isa = PBXGroup;
			children = (
				C4B62F99283C62E0007359DA /* AppDelegate.swift */,
				C4B62F9B283C62E0007359DA /* SceneDelegate.swift */,
				C4B62FCB283D1A15007359DA /* Model */,
				C4B62FCA283D19F4007359DA /* View-Model */,
				C4B62FC9283D19DB007359DA /* View */,
				C4B62F9F283C62E0007359DA /* Main.storyboard */,
				C4B62FA2283C62E3007359DA /* Assets.xcassets */,
				C4B62FA4283C62E3007359DA /* LaunchScreen.storyboard */,
				C4B62FA7283C62E3007359DA /* Info.plist */,
			);
			path = BreakingBad;
			sourceTree = "<group>";
		};
		C4B62FAF283C62E3007359DA /* BreakingBadTests */ = {
			isa = PBXGroup;
			children = (
				C4B62FB0283C62E3007359DA /* BreakingBadTests.swift */,
			);
			path = BreakingBadTests;
			sourceTree = "<group>";
		};
		C4B62FB9283C62E3007359DA /* BreakingBadUITests */ = {
			isa = PBXGroup;
			children = (
				C4B62FBA283C62E3007359DA /* BreakingBadUITests.swift */,
				C4B62FBC283C62E3007359DA /* BreakingBadUITestsLaunchTests.swift */,
			);
			path = BreakingBadUITests;
			sourceTree = "<group>";
		};
		C4B62FC9283D19DB007359DA /* View */ = {
			isa = PBXGroup;
			children = (
				C4B62F9D283C62E0007359DA /* ViewController.swift */,
				C4B62FD0283D22E9007359DA /* CharacterTableViewCell.swift */,
				C4B62FD1283D22E9007359DA /* CharacterTableViewCell.xib */,
				C4BE19D8283D2797009840C8 /* CharacterTableVC.swift */,
			);
			path = View;
			sourceTree = "<group>";
		};
		C4B62FCA283D19F4007359DA /* View-Model */ = {
			isa = PBXGroup;
			children = (
				C4BE19DE283D3A76009840C8 /* NetworkManager.swift */,
			);
			path = "View-Model";
			sourceTree = "<group>";
		};
		C4B62FCB283D1A15007359DA /* Model */ = {
			isa = PBXGroup;
			children = (
				C4BE19DC283D2C32009840C8 /* CharacterModel.swift */,
			);
			path = Model;
			sourceTree = "<group>";
		};
/* End PBXGroup section */

/* Begin PBXNativeTarget section */
		C4B62F95283C62E0007359DA /* BreakingBad */ = {
			isa = PBXNativeTarget;
			buildConfigurationList = C4B62FC0283C62E3007359DA /* Build configuration list for PBXNativeTarget "BreakingBad" */;
			buildPhases = (
				C4B62F92283C62E0007359DA /* Sources */,
				C4B62F93283C62E0007359DA /* Frameworks */,
				C4B62F94283C62E0007359DA /* Resources */,
			);
			buildRules = (
			);
			dependencies = (
			);
			name = BreakingBad;
			productName = BreakingBad;
			productReference = C4B62F96283C62E0007359DA /* BreakingBad.app */;
			productType = "com.apple.product-type.application";
		};
		C4B62FAB283C62E3007359DA /* BreakingBadTests */ = {
			isa = PBXNativeTarget;
			buildConfigurationList = C4B62FC3283C62E3007359DA /* Build configuration list for PBXNativeTarget "BreakingBadTests" */;
			buildPhases = (
				C4B62FA8283C62E3007359DA /* Sources */,
				C4B62FA9283C62E3007359DA /* Frameworks */,
				C4B62FAA283C62E3007359DA /* Resources */,
			);
			buildRules = (
			);
			dependencies = (
				C4B62FAE283C62E3007359DA /* PBXTargetDependency */,
			);
			name = BreakingBadTests;
			productName = BreakingBadTests;
			productReference = C4B62FAC283C62E3007359DA /* BreakingBadTests.xctest */;
			productType = "com.apple.product-type.bundle.unit-test";
		};
		C4B62FB5283C62E3007359DA /* BreakingBadUITests */ = {
			isa = PBXNativeTarget;
			buildConfigurationList = C4B62FC6283C62E3007359DA /* Build configuration list for PBXNativeTarget "BreakingBadUITests" */;
			buildPhases = (
				C4B62FB2283C62E3007359DA /* Sources */,
				C4B62FB3283C62E3007359DA /* Frameworks */,
				C4B62FB4283C62E3007359DA /* Resources */,
			);
			buildRules = (
			);
			dependencies = (
				C4B62FB8283C62E3007359DA /* PBXTargetDependency */,
			);
			name = BreakingBadUITests;
			productName = BreakingBadUITests;
			productReference = C4B62FB6283C62E3007359DA /* BreakingBadUITests.xctest */;
			productType = "com.apple.product-type.bundle.ui-testing";
		};
/* End PBXNativeTarget section */

/* Begin PBXProject section */
		C4B62F8E283C62E0007359DA /* Project object */ = {
			isa = PBXProject;
			attributes = {
				BuildIndependentTargetsInParallel = 1;
				LastSwiftUpdateCheck = 1330;
				LastUpgradeCheck = 1330;
				TargetAttributes = {
					C4B62F95283C62E0007359DA = {
						CreatedOnToolsVersion = 13.3.1;
					};
					C4B62FAB283C62E3007359DA = {
						CreatedOnToolsVersion = 13.3.1;
						TestTargetID = C4B62F95283C62E0007359DA;
					};
					C4B62FB5283C62E3007359DA = {
						CreatedOnToolsVersion = 13.3.1;
						TestTargetID = C4B62F95283C62E0007359DA;
					};
				};
			};
			buildConfigurationList = C4B62F91283C62E0007359DA /* Build configuration list for PBXProject "BreakingBad" */;
			compatibilityVersion = "Xcode 13.0";
			developmentRegion = en;
			hasScannedForEncodings = 0;
			knownRegions = (
				en,
				Base,
			);
			mainGroup = C4B62F8D283C62E0007359DA;
			productRefGroup = C4B62F97283C62E0007359DA /* Products */;
			projectDirPath = "";
			projectRoot = "";
			targets = (
				C4B62F95283C62E0007359DA /* BreakingBad */,
				C4B62FAB283C62E3007359DA /* BreakingBadTests */,
				C4B62FB5283C62E3007359DA /* BreakingBadUITests */,
			);
		};
/* End PBXProject section */

/* Begin PBXResourcesBuildPhase section */
		C4B62F94283C62E0007359DA /* Resources */ = {
			isa = PBXResourcesBuildPhase;
			buildActionMask = 2147483647;
			files = (
				C4B62FA6283C62E3007359DA /* LaunchScreen.storyboard in Resources */,
				C4B62FD3283D22E9007359DA /* CharacterTableViewCell.xib in Resources */,
				C4B62FA3283C62E3007359DA /* Assets.xcassets in Resources */,
				C4B62FA1283C62E0007359DA /* Main.storyboard in Resources */,
			);
			runOnlyForDeploymentPostprocessing = 0;
		};
		C4B62FAA283C62E3007359DA /* Resources */ = {
			isa = PBXResourcesBuildPhase;
			buildActionMask = 2147483647;
			files = (
			);
			runOnlyForDeploymentPostprocessing = 0;
		};
		C4B62FB4283C62E3007359DA /* Resources */ = {
			isa = PBXResourcesBuildPhase;
			buildActionMask = 2147483647;
			files = (
			);
			runOnlyForDeploymentPostprocessing = 0;
		};
/* End PBXResourcesBuildPhase section */

/* Begin PBXSourcesBuildPhase section */
		C4B62F92283C62E0007359DA /* Sources */ = {
			isa = PBXSourcesBuildPhase;
			buildActionMask = 2147483647;
			files = (
				C4B62F9E283C62E0007359DA /* ViewController.swift in Sources */,
				C4B62FD2283D22E9007359DA /* CharacterTableViewCell.swift in Sources */,
				C4BE19D9283D2797009840C8 /* CharacterTableVC.swift in Sources */,
				C4BE19DF283D3A76009840C8 /* NetworkManager.swift in Sources */,
				C4BE19DD283D2C32009840C8 /* CharacterModel.swift in Sources */,
				C4B62F9A283C62E0007359DA /* AppDelegate.swift in Sources */,
				C4B62F9C283C62E0007359DA /* SceneDelegate.swift in Sources */,
			);
			runOnlyForDeploymentPostprocessing = 0;
		};
		C4B62FA8283C62E3007359DA /* Sources */ = {
			isa = PBXSourcesBuildPhase;
			buildActionMask = 2147483647;
			files = (
				C4B62FB1283C62E3007359DA /* BreakingBadTests.swift in Sources */,
			);
			runOnlyForDeploymentPostprocessing = 0;
		};
		C4B62FB2283C62E3007359DA /* Sources */ = {
			isa = PBXSourcesBuildPhase;
			buildActionMask = 2147483647;
			files = (
				C4B62FBB283C62E3007359DA /* BreakingBadUITests.swift in Sources */,
				C4B62FBD283C62E3007359DA /* BreakingBadUITestsLaunchTests.swift in Sources */,
			);
			runOnlyForDeploymentPostprocessing = 0;
		};
/* End PBXSourcesBuildPhase section */

/* Begin PBXTargetDependency section */
		C4B62FAE283C62E3007359DA /* PBXTargetDependency */ = {
			isa = PBXTargetDependency;
			target = C4B62F95283C62E0007359DA /* BreakingBad */;
			targetProxy = C4B62FAD283C62E3007359DA /* PBXContainerItemProxy */;
		};
		C4B62FB8283C62E3007359DA /* PBXTargetDependency */ = {
			isa = PBXTargetDependency;
			target = C4B62F95283C62E0007359DA /* BreakingBad */;
			targetProxy = C4B62FB7283C62E3007359DA /* PBXContainerItemProxy */;
		};
/* End PBXTargetDependency section */

/* Begin PBXVariantGroup section */
		C4B62F9F283C62E0007359DA /* Main.storyboard */ = {
			isa = PBXVariantGroup;
			children = (
				C4B62FA0283C62E0007359DA /* Base */,
			);
			name = Main.storyboard;
			sourceTree = "<group>";
		};
		C4B62FA4283C62E3007359DA /* LaunchScreen.storyboard */ = {
			isa = PBXVariantGroup;
			children = (
				C4B62FA5283C62E3007359DA /* Base */,
			);
			name = LaunchScreen.storyboard;
			sourceTree = "<group>";
		};
/* End PBXVariantGroup section */

/* Begin XCBuildConfiguration section */
		C4B62FBE283C62E3007359DA /* Debug */ = {
			isa = XCBuildConfiguration;
			buildSettings = {
				ALWAYS_SEARCH_USER_PATHS = NO;
				CLANG_ANALYZER_NONNULL = YES;
				CLANG_ANALYZER_NUMBER_OBJECT_CONVERSION = YES_AGGRESSIVE;
				CLANG_CXX_LANGUAGE_STANDARD = "gnu++17";
				CLANG_ENABLE_MODULES = YES;
				CLANG_ENABLE_OBJC_ARC = YES;
				CLANG_ENABLE_OBJC_WEAK = YES;
				CLANG_WARN_BLOCK_CAPTURE_AUTORELEASING = YES;
				CLANG_WARN_BOOL_CONVERSION = YES;
				CLANG_WARN_COMMA = YES;
				CLANG_WARN_CONSTANT_CONVERSION = YES;
				CLANG_WARN_DEPRECATED_OBJC_IMPLEMENTATIONS = YES;
				CLANG_WARN_DIRECT_OBJC_ISA_USAGE = YES_ERROR;
				CLANG_WARN_DOCUMENTATION_COMMENTS = YES;
				CLANG_WARN_EMPTY_BODY = YES;
				CLANG_WARN_ENUM_CONVERSION = YES;
				CLANG_WARN_INFINITE_RECURSION = YES;
				CLANG_WARN_INT_CONVERSION = YES;
				CLANG_WARN_NON_LITERAL_NULL_CONVERSION = YES;
				CLANG_WARN_OBJC_IMPLICIT_RETAIN_SELF = YES;
				CLANG_WARN_OBJC_LITERAL_CONVERSION = YES;
				CLANG_WARN_OBJC_ROOT_CLASS = YES_ERROR;
				CLANG_WARN_QUOTED_INCLUDE_IN_FRAMEWORK_HEADER = YES;
				CLANG_WARN_RANGE_LOOP_ANALYSIS = YES;
				CLANG_WARN_STRICT_PROTOTYPES = YES;
				CLANG_WARN_SUSPICIOUS_MOVE = YES;
				CLANG_WARN_UNGUARDED_AVAILABILITY = YES_AGGRESSIVE;
				CLANG_WARN_UNREACHABLE_CODE = YES;
				CLANG_WARN__DUPLICATE_METHOD_MATCH = YES;
				COPY_PHASE_STRIP = NO;
				DEBUG_INFORMATION_FORMAT = dwarf;
				ENABLE_STRICT_OBJC_MSGSEND = YES;
				ENABLE_TESTABILITY = YES;
				GCC_C_LANGUAGE_STANDARD = gnu11;
				GCC_DYNAMIC_NO_PIC = NO;
				GCC_NO_COMMON_BLOCKS = YES;
				GCC_OPTIMIZATION_LEVEL = 0;
				GCC_PREPROCESSOR_DEFINITIONS = (
					"DEBUG=1",
					"$(inherited)",
				);
				GCC_WARN_64_TO_32_BIT_CONVERSION = YES;
				GCC_WARN_ABOUT_RETURN_TYPE = YES_ERROR;
				GCC_WARN_UNDECLARED_SELECTOR = YES;
				GCC_WARN_UNINITIALIZED_AUTOS = YES_AGGRESSIVE;
				GCC_WARN_UNUSED_FUNCTION = YES;
				GCC_WARN_UNUSED_VARIABLE = YES;
				IPHONEOS_DEPLOYMENT_TARGET = 15.4;
				MTL_ENABLE_DEBUG_INFO = INCLUDE_SOURCE;
				MTL_FAST_MATH = YES;
				ONLY_ACTIVE_ARCH = YES;
				SDKROOT = iphoneos;
				SWIFT_ACTIVE_COMPILATION_CONDITIONS = DEBUG;
				SWIFT_OPTIMIZATION_LEVEL = "-Onone";
			};
			name = Debug;
		};
		C4B62FBF283C62E3007359DA /* Release */ = {
			isa = XCBuildConfiguration;
			buildSettings = {
				ALWAYS_SEARCH_USER_PATHS = NO;
				CLANG_ANALYZER_NONNULL = YES;
				CLANG_ANALYZER_NUMBER_OBJECT_CONVERSION = YES_AGGRESSIVE;
				CLANG_CXX_LANGUAGE_STANDARD = "gnu++17";
				CLANG_ENABLE_MODULES = YES;
				CLANG_ENABLE_OBJC_ARC = YES;
				CLANG_ENABLE_OBJC_WEAK = YES;
				CLANG_WARN_BLOCK_CAPTURE_AUTORELEASING = YES;
				CLANG_WARN_BOOL_CONVERSION = YES;
				CLANG_WARN_COMMA = YES;
				CLANG_WARN_CONSTANT_CONVERSION = YES;
				CLANG_WARN_DEPRECATED_OBJC_IMPLEMENTATIONS = YES;
				CLANG_WARN_DIRECT_OBJC_ISA_USAGE = YES_ERROR;
				CLANG_WARN_DOCUMENTATION_COMMENTS = YES;
				CLANG_WARN_EMPTY_BODY = YES;
				CLANG_WARN_ENUM_CONVERSION = YES;
				CLANG_WARN_INFINITE_RECURSION = YES;
				CLANG_WARN_INT_CONVERSION = YES;
				CLANG_WARN_NON_LITERAL_NULL_CONVERSION = YES;
				CLANG_WARN_OBJC_IMPLICIT_RETAIN_SELF = YES;
				CLANG_WARN_OBJC_LITERAL_CONVERSION = YES;
				CLANG_WARN_OBJC_ROOT_CLASS = YES_ERROR;
				CLANG_WARN_QUOTED_INCLUDE_IN_FRAMEWORK_HEADER = YES;
				CLANG_WARN_RANGE_LOOP_ANALYSIS = YES;
				CLANG_WARN_STRICT_PROTOTYPES = YES;
				CLANG_WARN_SUSPICIOUS_MOVE = YES;
				CLANG_WARN_UNGUARDED_AVAILABILITY = YES_AGGRESSIVE;
				CLANG_WARN_UNREACHABLE_CODE = YES;
				CLANG_WARN__DUPLICATE_METHOD_MATCH = YES;
				COPY_PHASE_STRIP = NO;
				DEBUG_INFORMATION_FORMAT = "dwarf-with-dsym";
				ENABLE_NS_ASSERTIONS = NO;
				ENABLE_STRICT_OBJC_MSGSEND = YES;
				GCC_C_LANGUAGE_STANDARD = gnu11;
				GCC_NO_COMMON_BLOCKS = YES;
				GCC_WARN_64_TO_32_BIT_CONVERSION = YES;
				GCC_WARN_ABOUT_RETURN_TYPE = YES_ERROR;
				GCC_WARN_UNDECLARED_SELECTOR = YES;
				GCC_WARN_UNINITIALIZED_AUTOS = YES_AGGRESSIVE;
				GCC_WARN_UNUSED_FUNCTION = YES;
				GCC_WARN_UNUSED_VARIABLE = YES;
				IPHONEOS_DEPLOYMENT_TARGET = 15.4;
				MTL_ENABLE_DEBUG_INFO = NO;
				MTL_FAST_MATH = YES;
				SDKROOT = iphoneos;
				SWIFT_COMPILATION_MODE = wholemodule;
				SWIFT_OPTIMIZATION_LEVEL = "-O";
				VALIDATE_PRODUCT = YES;
			};
			name = Release;
		};
		C4B62FC1283C62E3007359DA /* Debug */ = {
			isa = XCBuildConfiguration;
			buildSettings = {
				ASSETCATALOG_COMPILER_APPICON_NAME = AppIcon;
				ASSETCATALOG_COMPILER_GLOBAL_ACCENT_COLOR_NAME = AccentColor;
				CODE_SIGN_STYLE = Automatic;
				CURRENT_PROJECT_VERSION = 1;
				DEVELOPMENT_TEAM = X28T8ZG28R;
				GENERATE_INFOPLIST_FILE = YES;
				INFOPLIST_FILE = BreakingBad/Info.plist;
				INFOPLIST_KEY_UIApplicationSupportsIndirectInputEvents = YES;
				INFOPLIST_KEY_UILaunchStoryboardName = LaunchScreen;
				INFOPLIST_KEY_UIMainStoryboardFile = Main;
				INFOPLIST_KEY_UISupportedInterfaceOrientations_iPad = "UIInterfaceOrientationPortrait UIInterfaceOrientationPortraitUpsideDown UIInterfaceOrientationLandscapeLeft UIInterfaceOrientationLandscapeRight";
				INFOPLIST_KEY_UISupportedInterfaceOrientations_iPhone = "UIInterfaceOrientationPortrait UIInterfaceOrientationLandscapeLeft UIInterfaceOrientationLandscapeRight";
				LD_RUNPATH_SEARCH_PATHS = (
					"$(inherited)",
					"@executable_path/Frameworks",
				);
				MARKETING_VERSION = 1.0;
				PRODUCT_BUNDLE_IDENTIFIER = murphy.iosDevSean.BreakingBad;
				PRODUCT_NAME = "$(TARGET_NAME)";
				SWIFT_EMIT_LOC_STRINGS = YES;
				SWIFT_VERSION = 5.0;
				TARGETED_DEVICE_FAMILY = "1,2";
			};
			name = Debug;
		};
		C4B62FC2283C62E3007359DA /* Release */ = {
			isa = XCBuildConfiguration;
			buildSettings = {
				ASSETCATALOG_COMPILER_APPICON_NAME = AppIcon;
				ASSETCATALOG_COMPILER_GLOBAL_ACCENT_COLOR_NAME = AccentColor;
				CODE_SIGN_STYLE = Automatic;
				CURRENT_PROJECT_VERSION = 1;
				DEVELOPMENT_TEAM = X28T8ZG28R;
				GENERATE_INFOPLIST_FILE = YES;
				INFOPLIST_FILE = BreakingBad/Info.plist;
				INFOPLIST_KEY_UIApplicationSupportsIndirectInputEvents = YES;
				INFOPLIST_KEY_UILaunchStoryboardName = LaunchScreen;
				INFOPLIST_KEY_UIMainStoryboardFile = Main;
				INFOPLIST_KEY_UISupportedInterfaceOrientations_iPad = "UIInterfaceOrientationPortrait UIInterfaceOrientationPortraitUpsideDown UIInterfaceOrientationLandscapeLeft UIInterfaceOrientationLandscapeRight";
				INFOPLIST_KEY_UISupportedInterfaceOrientations_iPhone = "UIInterfaceOrientationPortrait UIInterfaceOrientationLandscapeLeft UIInterfaceOrientationLandscapeRight";
				LD_RUNPATH_SEARCH_PATHS = (
					"$(inherited)",
					"@executable_path/Frameworks",
				);
				MARKETING_VERSION = 1.0;
				PRODUCT_BUNDLE_IDENTIFIER = murphy.iosDevSean.BreakingBad;
				PRODUCT_NAME = "$(TARGET_NAME)";
				SWIFT_EMIT_LOC_STRINGS = YES;
				SWIFT_VERSION = 5.0;
				TARGETED_DEVICE_FAMILY = "1,2";
			};
			name = Release;
		};
		C4B62FC4283C62E3007359DA /* Debug */ = {
			isa = XCBuildConfiguration;
			buildSettings = {
				ALWAYS_EMBED_SWIFT_STANDARD_LIBRARIES = YES;
				BUNDLE_LOADER = "$(TEST_HOST)";
				CODE_SIGN_STYLE = Automatic;
				CURRENT_PROJECT_VERSION = 1;
				DEVELOPMENT_TEAM = X28T8ZG28R;
				GENERATE_INFOPLIST_FILE = YES;
				IPHONEOS_DEPLOYMENT_TARGET = 15.4;
				MARKETING_VERSION = 1.0;
				PRODUCT_BUNDLE_IDENTIFIER = murphy.iosDevSean.BreakingBadTests;
				PRODUCT_NAME = "$(TARGET_NAME)";
				SWIFT_EMIT_LOC_STRINGS = NO;
				SWIFT_VERSION = 5.0;
				TARGETED_DEVICE_FAMILY = "1,2";
				TEST_HOST = "$(BUILT_PRODUCTS_DIR)/BreakingBad.app/BreakingBad";
			};
			name = Debug;
		};
		C4B62FC5283C62E3007359DA /* Release */ = {
			isa = XCBuildConfiguration;
			buildSettings = {
				ALWAYS_EMBED_SWIFT_STANDARD_LIBRARIES = YES;
				BUNDLE_LOADER = "$(TEST_HOST)";
				CODE_SIGN_STYLE = Automatic;
				CURRENT_PROJECT_VERSION = 1;
				DEVELOPMENT_TEAM = X28T8ZG28R;
				GENERATE_INFOPLIST_FILE = YES;
				IPHONEOS_DEPLOYMENT_TARGET = 15.4;
				MARKETING_VERSION = 1.0;
				PRODUCT_BUNDLE_IDENTIFIER = murphy.iosDevSean.BreakingBadTests;
				PRODUCT_NAME = "$(TARGET_NAME)";
				SWIFT_EMIT_LOC_STRINGS = NO;
				SWIFT_VERSION = 5.0;
				TARGETED_DEVICE_FAMILY = "1,2";
				TEST_HOST = "$(BUILT_PRODUCTS_DIR)/BreakingBad.app/BreakingBad";
			};
			name = Release;
		};
		C4B62FC7283C62E3007359DA /* Debug */ = {
			isa = XCBuildConfiguration;
			buildSettings = {
				ALWAYS_EMBED_SWIFT_STANDARD_LIBRARIES = YES;
				CODE_SIGN_STYLE = Automatic;
				CURRENT_PROJECT_VERSION = 1;
				DEVELOPMENT_TEAM = X28T8ZG28R;
				GENERATE_INFOPLIST_FILE = YES;
				MARKETING_VERSION = 1.0;
				PRODUCT_BUNDLE_IDENTIFIER = murphy.iosDevSean.BreakingBadUITests;
				PRODUCT_NAME = "$(TARGET_NAME)";
				SWIFT_EMIT_LOC_STRINGS = NO;
				SWIFT_VERSION = 5.0;
				TARGETED_DEVICE_FAMILY = "1,2";
				TEST_TARGET_NAME = BreakingBad;
			};
			name = Debug;
		};
		C4B62FC8283C62E3007359DA /* Release */ = {
			isa = XCBuildConfiguration;
			buildSettings = {
				ALWAYS_EMBED_SWIFT_STANDARD_LIBRARIES = YES;
				CODE_SIGN_STYLE = Automatic;
				CURRENT_PROJECT_VERSION = 1;
				DEVELOPMENT_TEAM = X28T8ZG28R;
				GENERATE_INFOPLIST_FILE = YES;
				MARKETING_VERSION = 1.0;
				PRODUCT_BUNDLE_IDENTIFIER = murphy.iosDevSean.BreakingBadUITests;
				PRODUCT_NAME = "$(TARGET_NAME)";
				SWIFT_EMIT_LOC_STRINGS = NO;
				SWIFT_VERSION = 5.0;
				TARGETED_DEVICE_FAMILY = "1,2";
				TEST_TARGET_NAME = BreakingBad;
			};
			name = Release;
		};
/* End XCBuildConfiguration section */

/* Begin XCConfigurationList section */
		C4B62F91283C62E0007359DA /* Build configuration list for PBXProject "BreakingBad" */ = {
			isa = XCConfigurationList;
			buildConfigurations = (
				C4B62FBE283C62E3007359DA /* Debug */,
				C4B62FBF283C62E3007359DA /* Release */,
			);
			defaultConfigurationIsVisible = 0;
			defaultConfigurationName = Release;
		};
		C4B62FC0283C62E3007359DA /* Build configuration list for PBXNativeTarget "BreakingBad" */ = {
			isa = XCConfigurationList;
			buildConfigurations = (
				C4B62FC1283C62E3007359DA /* Debug */,
				C4B62FC2283C62E3007359DA /* Release */,
			);
			defaultConfigurationIsVisible = 0;
			defaultConfigurationName = Release;
		};
		C4B62FC3283C62E3007359DA /* Build configuration list for PBXNativeTarget "BreakingBadTests" */ = {
			isa = XCConfigurationList;
			buildConfigurations = (
				C4B62FC4283C62E3007359DA /* Debug */,
				C4B62FC5283C62E3007359DA /* Release */,
			);
			defaultConfigurationIsVisible = 0;
			defaultConfigurationName = Release;
		};
		C4B62FC6283C62E3007359DA /* Build configuration list for PBXNativeTarget "BreakingBadUITests" */ = {
			isa = XCConfigurationList;
			buildConfigurations = (
				C4B62FC7283C62E3007359DA /* Debug */,
				C4B62FC8283C62E3007359DA /* Release */,
			);
			defaultConfigurationIsVisible = 0;
			defaultConfigurationName = Release;
		};
/* End XCConfigurationList section */
	};
	rootObject = C4B62F8E283C62E0007359DA /* Project object */;
}
